
Microsoft Visual Studio Solution File, Format Version 12.00
# Visual Studio Version 16
VisualStudioVersion = 16.0.809.4
MinimumVisualStudioVersion = 10.0.40219.1
Project("{FAE04EC0-301F-11D3-BF4B-00C04F79EFBC}") = "BankAccountNS", "AndreasTest\BankAccountNS.csproj", "{5D77BAA9-9218-4B29-B3A3-39FED78527DE}"
EndProject
Project("{FAE04EC0-301F-11D3-BF4B-00C04F79EFBC}") = "BankTests", "BankTests\BankTests.csproj", "{568A2BD4-6E1D-42F9-AAF4-4B988A529C82}"
EndProject
Global
	GlobalSection(SolutionConfigurationPlatforms) = preSolution
		Debug|Any CPU = Debug|Any CPU
		Release|Any CPU = Release|Any CPU
	EndGlobalSection
	GlobalSection(ProjectConfigurationPlatforms) = postSolution
		{5D77BAA9-9218-4B29-B3A3-39FED78527DE}.Debug|Any CPU.ActiveCfg = Debug|Any CPU
		{5D77BAA9-9218-4B29-B3A3-39FED78527DE}.Debug|Any CPU.Build.0 = Debug|Any CPU
		{5D77BAA9-9218-4B29-B3A3-39FED78527DE}.Release|Any CPU.ActiveCfg = Release|Any CPU
		{5D77BAA9-9218-4B29-B3A3-39FED78527DE}.Release|Any CPU.Build.0 = Release|Any CPU
		{568A2BD4-6E1D-42F9-AAF4-4B988A529C82}.Debug|Any CPU.ActiveCfg = Debug|Any CPU
		{568A2BD4-6E1D-42F9-AAF4-4B988A529C82}.Debug|Any CPU.Build.0 = Debug|Any CPU
		{568A2BD4-6E1D-42F9-AAF4-4B988A529C82}.Release|Any CPU.ActiveCfg = Release|Any CPU
		{568A2BD4-6E1D-42F9-AAF4-4B988A529C82}.Release|Any CPU.Build.0 = Release|Any CPU
	EndGlobalSection
	GlobalSection(SolutionProperties) = preSolution
		HideSolutionNode = FALSE
	EndGlobalSection
	GlobalSection(ExtensibilityGlobals) = postSolution
		SolutionGuid = {CA44947B-65C7-4DF8-85EC-D3D6643C723A}
	EndGlobalSection
EndGlobal
